
Microsoft Visual Studio Solution File, Format Version 12.00
# Visual Studio Version 17
VisualStudioVersion = 17.0.31912.275
MinimumVisualStudioVersion = 10.0.40219.1
Project("{9A19103F-16F7-4668-BE54-9A1E7A4F7556}") = "Rvig.Data.Base", "Rvig.Data.Base\Rvig.Data.Base.csproj", "{CDB82893-2494-44C6-8230-FA991F5DCB28}"
EndProject
Project("{9A19103F-16F7-4668-BE54-9A1E7A4F7556}") = "Rvig.HaalCentraalApi.Shared", "Rvig.HaalCentraalApi.Shared\Rvig.HaalCentraalApi.Shared.csproj", "{975C3A26-8BDE-4AB6-9F49-DF4B00790904}"
EndProject
Project("{9A19103F-16F7-4668-BE54-9A1E7A4F7556}") = "Rvig.HaalCentraalApi.Reisdocumenten", "Rvig.HaalCentraalApi.Reisdocumenten\Rvig.HaalCentraalApi.Reisdocumenten.csproj", "{0D9A8162-A2D7-4B56-A697-E87D541E61E3}"
EndProject
Project("{2150E333-8FDC-42A3-9474-1A3956D46DE8}") = "Apis", "Apis", "{4728F96B-F2CC-4D46-9833-933220F7D644}"
EndProject
Project("{2150E333-8FDC-42A3-9474-1A3956D46DE8}") = "App", "App", "{3DFFAA98-38EA-44A1-86ED-8E2E7C4CFDE9}"
EndProject
Project("{2150E333-8FDC-42A3-9474-1A3956D46DE8}") = "Data", "Data", "{77840799-C221-4CBB-A44B-B9FA6B2F960D}"
EndProject
Project("{9A19103F-16F7-4668-BE54-9A1E7A4F7556}") = "Rvig.Data.Reisdocumenten", "Rvig.Data.Reisdocumenten\Rvig.Data.Reisdocumenten.csproj", "{02E27144-C217-4681-ABB7-5484DE5F28E3}"
EndProject
Project("{9A19103F-16F7-4668-BE54-9A1E7A4F7556}") = "Rvig.Base.App", "Rvig.Base.App\Rvig.Base.App.csproj", "{8EA7DB47-6784-4C68-9056-3AC6F08A17BF}"
EndProject
Project("{9A19103F-16F7-4668-BE54-9A1E7A4F7556}") = "Reisdocumenten.Data.Service", "Reisdocumenten.Data.Service\Reisdocumenten.Data.Service.csproj", "{AAF0FC57-1018-4A1D-896C-5B45DA1380A1}"
EndProject
Project("{2150E333-8FDC-42A3-9474-1A3956D46DE8}") = "Test", "Test", "{A3D983C3-795F-403C-8DC1-A55995D867C7}"
EndProject
Project("{2150E333-8FDC-42A3-9474-1A3956D46DE8}") = "Shared", "Shared", "{2FFBD9ED-5082-4E38-A446-C2C53426D2DD}"
EndProject
Project("{9A19103F-16F7-4668-BE54-9A1E7A4F7556}") = "Brp.Shared.Infrastructure", "Brp.Shared.Infrastructure\Brp.Shared.Infrastructure.csproj", "{145DB806-DBDB-4BCD-8606-92B56FFF8ADF}"
EndProject
Project("{9A19103F-16F7-4668-BE54-9A1E7A4F7556}") = "Serilog.Sinks.PersistentFile", "Serilog.Sinks.PersistentFile\Serilog.Sinks.PersistentFile.csproj", "{C21192F6-2510-45C4-8AA8-0D3BEFB6F78D}"
EndProject
Project("{9A19103F-16F7-4668-BE54-9A1E7A4F7556}") = "Rvig.Data.Base.Postgres", "Rvig.Data.Base.Postgres\Rvig.Data.Base.Postgres.csproj", "{B1A7E242-F5BC-4C9E-95F7-0FE3C6516E96}"
EndProject
Project("{9A19103F-16F7-4668-BE54-9A1E7A4F7556}") = "Rvig.Data.Base.WebApi", "Rvig.Data.Base.WebApi\Rvig.Data.Base.WebApi.csproj", "{B8FB79AB-0604-463B-A94B-BBB1DC624B09}"
EndProject
Global
	GlobalSection(SolutionConfigurationPlatforms) = preSolution
		Debug|Any CPU = Debug|Any CPU
		Debug|x64 = Debug|x64
		Debug|x86 = Debug|x86
		Release|Any CPU = Release|Any CPU
		Release|x64 = Release|x64
		Release|x86 = Release|x86
	EndGlobalSection
	GlobalSection(ProjectConfigurationPlatforms) = postSolution
		{CDB82893-2494-44C6-8230-FA991F5DCB28}.Debug|Any CPU.ActiveCfg = Debug|Any CPU
		{CDB82893-2494-44C6-8230-FA991F5DCB28}.Debug|Any CPU.Build.0 = Debug|Any CPU
		{CDB82893-2494-44C6-8230-FA991F5DCB28}.Debug|x64.ActiveCfg = Debug|Any CPU
		{CDB82893-2494-44C6-8230-FA991F5DCB28}.Debug|x64.Build.0 = Debug|Any CPU
		{CDB82893-2494-44C6-8230-FA991F5DCB28}.Debug|x86.ActiveCfg = Debug|Any CPU
		{CDB82893-2494-44C6-8230-FA991F5DCB28}.Debug|x86.Build.0 = Debug|Any CPU
		{CDB82893-2494-44C6-8230-FA991F5DCB28}.Release|Any CPU.ActiveCfg = Release|Any CPU
		{CDB82893-2494-44C6-8230-FA991F5DCB28}.Release|Any CPU.Build.0 = Release|Any CPU
		{CDB82893-2494-44C6-8230-FA991F5DCB28}.Release|x64.ActiveCfg = Release|Any CPU
		{CDB82893-2494-44C6-8230-FA991F5DCB28}.Release|x64.Build.0 = Release|Any CPU
		{CDB82893-2494-44C6-8230-FA991F5DCB28}.Release|x86.ActiveCfg = Release|Any CPU
		{CDB82893-2494-44C6-8230-FA991F5DCB28}.Release|x86.Build.0 = Release|Any CPU
		{975C3A26-8BDE-4AB6-9F49-DF4B00790904}.Debug|Any CPU.ActiveCfg = Debug|Any CPU
		{975C3A26-8BDE-4AB6-9F49-DF4B00790904}.Debug|Any CPU.Build.0 = Debug|Any CPU
		{975C3A26-8BDE-4AB6-9F49-DF4B00790904}.Debug|x64.ActiveCfg = Debug|Any CPU
		{975C3A26-8BDE-4AB6-9F49-DF4B00790904}.Debug|x64.Build.0 = Debug|Any CPU
		{975C3A26-8BDE-4AB6-9F49-DF4B00790904}.Debug|x86.ActiveCfg = Debug|Any CPU
		{975C3A26-8BDE-4AB6-9F49-DF4B00790904}.Debug|x86.Build.0 = Debug|Any CPU
		{975C3A26-8BDE-4AB6-9F49-DF4B00790904}.Release|Any CPU.ActiveCfg = Release|Any CPU
		{975C3A26-8BDE-4AB6-9F49-DF4B00790904}.Release|Any CPU.Build.0 = Release|Any CPU
		{975C3A26-8BDE-4AB6-9F49-DF4B00790904}.Release|x64.ActiveCfg = Release|Any CPU
		{975C3A26-8BDE-4AB6-9F49-DF4B00790904}.Release|x64.Build.0 = Release|Any CPU
		{975C3A26-8BDE-4AB6-9F49-DF4B00790904}.Release|x86.ActiveCfg = Release|Any CPU
		{975C3A26-8BDE-4AB6-9F49-DF4B00790904}.Release|x86.Build.0 = Release|Any CPU
		{0D9A8162-A2D7-4B56-A697-E87D541E61E3}.Debug|Any CPU.ActiveCfg = Debug|Any CPU
		{0D9A8162-A2D7-4B56-A697-E87D541E61E3}.Debug|Any CPU.Build.0 = Debug|Any CPU
		{0D9A8162-A2D7-4B56-A697-E87D541E61E3}.Debug|x64.ActiveCfg = Debug|Any CPU
		{0D9A8162-A2D7-4B56-A697-E87D541E61E3}.Debug|x64.Build.0 = Debug|Any CPU
		{0D9A8162-A2D7-4B56-A697-E87D541E61E3}.Debug|x86.ActiveCfg = Debug|Any CPU
		{0D9A8162-A2D7-4B56-A697-E87D541E61E3}.Debug|x86.Build.0 = Debug|Any CPU
		{0D9A8162-A2D7-4B56-A697-E87D541E61E3}.Release|Any CPU.ActiveCfg = Release|Any CPU
		{0D9A8162-A2D7-4B56-A697-E87D541E61E3}.Release|Any CPU.Build.0 = Release|Any CPU
		{0D9A8162-A2D7-4B56-A697-E87D541E61E3}.Release|x64.ActiveCfg = Release|Any CPU
		{0D9A8162-A2D7-4B56-A697-E87D541E61E3}.Release|x64.Build.0 = Release|Any CPU
		{0D9A8162-A2D7-4B56-A697-E87D541E61E3}.Release|x86.ActiveCfg = Release|Any CPU
		{0D9A8162-A2D7-4B56-A697-E87D541E61E3}.Release|x86.Build.0 = Release|Any CPU
		{02E27144-C217-4681-ABB7-5484DE5F28E3}.Debug|Any CPU.ActiveCfg = Debug|Any CPU
		{02E27144-C217-4681-ABB7-5484DE5F28E3}.Debug|Any CPU.Build.0 = Debug|Any CPU
		{02E27144-C217-4681-ABB7-5484DE5F28E3}.Debug|x64.ActiveCfg = Debug|Any CPU
		{02E27144-C217-4681-ABB7-5484DE5F28E3}.Debug|x64.Build.0 = Debug|Any CPU
		{02E27144-C217-4681-ABB7-5484DE5F28E3}.Debug|x86.ActiveCfg = Debug|Any CPU
		{02E27144-C217-4681-ABB7-5484DE5F28E3}.Debug|x86.Build.0 = Debug|Any CPU
		{02E27144-C217-4681-ABB7-5484DE5F28E3}.Release|Any CPU.ActiveCfg = Release|Any CPU
		{02E27144-C217-4681-ABB7-5484DE5F28E3}.Release|Any CPU.Build.0 = Release|Any CPU
		{02E27144-C217-4681-ABB7-5484DE5F28E3}.Release|x64.ActiveCfg = Release|Any CPU
		{02E27144-C217-4681-ABB7-5484DE5F28E3}.Release|x64.Build.0 = Release|Any CPU
		{02E27144-C217-4681-ABB7-5484DE5F28E3}.Release|x86.ActiveCfg = Release|Any CPU
		{02E27144-C217-4681-ABB7-5484DE5F28E3}.Release|x86.Build.0 = Release|Any CPU
		{8EA7DB47-6784-4C68-9056-3AC6F08A17BF}.Debug|Any CPU.ActiveCfg = Debug|Any CPU
		{8EA7DB47-6784-4C68-9056-3AC6F08A17BF}.Debug|Any CPU.Build.0 = Debug|Any CPU
		{8EA7DB47-6784-4C68-9056-3AC6F08A17BF}.Debug|x64.ActiveCfg = Debug|Any CPU
		{8EA7DB47-6784-4C68-9056-3AC6F08A17BF}.Debug|x64.Build.0 = Debug|Any CPU
		{8EA7DB47-6784-4C68-9056-3AC6F08A17BF}.Debug|x86.ActiveCfg = Debug|Any CPU
		{8EA7DB47-6784-4C68-9056-3AC6F08A17BF}.Debug|x86.Build.0 = Debug|Any CPU
		{8EA7DB47-6784-4C68-9056-3AC6F08A17BF}.Release|Any CPU.ActiveCfg = Release|Any CPU
		{8EA7DB47-6784-4C68-9056-3AC6F08A17BF}.Release|Any CPU.Build.0 = Release|Any CPU
		{8EA7DB47-6784-4C68-9056-3AC6F08A17BF}.Release|x64.ActiveCfg = Release|Any CPU
		{8EA7DB47-6784-4C68-9056-3AC6F08A17BF}.Release|x64.Build.0 = Release|Any CPU
		{8EA7DB47-6784-4C68-9056-3AC6F08A17BF}.Release|x86.ActiveCfg = Release|Any CPU
		{8EA7DB47-6784-4C68-9056-3AC6F08A17BF}.Release|x86.Build.0 = Release|Any CPU
		{AAF0FC57-1018-4A1D-896C-5B45DA1380A1}.Debug|Any CPU.ActiveCfg = Debug|Any CPU
		{AAF0FC57-1018-4A1D-896C-5B45DA1380A1}.Debug|Any CPU.Build.0 = Debug|Any CPU
		{AAF0FC57-1018-4A1D-896C-5B45DA1380A1}.Debug|x64.ActiveCfg = Debug|Any CPU
		{AAF0FC57-1018-4A1D-896C-5B45DA1380A1}.Debug|x64.Build.0 = Debug|Any CPU
		{AAF0FC57-1018-4A1D-896C-5B45DA1380A1}.Debug|x86.ActiveCfg = Debug|Any CPU
		{AAF0FC57-1018-4A1D-896C-5B45DA1380A1}.Debug|x86.Build.0 = Debug|Any CPU
		{AAF0FC57-1018-4A1D-896C-5B45DA1380A1}.Release|Any CPU.ActiveCfg = Release|Any CPU
		{AAF0FC57-1018-4A1D-896C-5B45DA1380A1}.Release|Any CPU.Build.0 = Release|Any CPU
		{AAF0FC57-1018-4A1D-896C-5B45DA1380A1}.Release|x64.ActiveCfg = Release|Any CPU
		{AAF0FC57-1018-4A1D-896C-5B45DA1380A1}.Release|x64.Build.0 = Release|Any CPU
		{AAF0FC57-1018-4A1D-896C-5B45DA1380A1}.Release|x86.ActiveCfg = Release|Any CPU
		{AAF0FC57-1018-4A1D-896C-5B45DA1380A1}.Release|x86.Build.0 = Release|Any CPU
		{145DB806-DBDB-4BCD-8606-92B56FFF8ADF}.Debug|Any CPU.ActiveCfg = Debug|Any CPU
		{145DB806-DBDB-4BCD-8606-92B56FFF8ADF}.Debug|Any CPU.Build.0 = Debug|Any CPU
		{145DB806-DBDB-4BCD-8606-92B56FFF8ADF}.Debug|x64.ActiveCfg = Debug|Any CPU
		{145DB806-DBDB-4BCD-8606-92B56FFF8ADF}.Debug|x64.Build.0 = Debug|Any CPU
		{145DB806-DBDB-4BCD-8606-92B56FFF8ADF}.Debug|x86.ActiveCfg = Debug|Any CPU
		{145DB806-DBDB-4BCD-8606-92B56FFF8ADF}.Debug|x86.Build.0 = Debug|Any CPU
		{145DB806-DBDB-4BCD-8606-92B56FFF8ADF}.Release|Any CPU.ActiveCfg = Release|Any CPU
		{145DB806-DBDB-4BCD-8606-92B56FFF8ADF}.Release|Any CPU.Build.0 = Release|Any CPU
		{145DB806-DBDB-4BCD-8606-92B56FFF8ADF}.Release|x64.ActiveCfg = Release|Any CPU
		{145DB806-DBDB-4BCD-8606-92B56FFF8ADF}.Release|x64.Build.0 = Release|Any CPU
		{145DB806-DBDB-4BCD-8606-92B56FFF8ADF}.Release|x86.ActiveCfg = Release|Any CPU
		{145DB806-DBDB-4BCD-8606-92B56FFF8ADF}.Release|x86.Build.0 = Release|Any CPU
		{C21192F6-2510-45C4-8AA8-0D3BEFB6F78D}.Debug|Any CPU.ActiveCfg = Debug|Any CPU
		{C21192F6-2510-45C4-8AA8-0D3BEFB6F78D}.Debug|Any CPU.Build.0 = Debug|Any CPU
		{C21192F6-2510-45C4-8AA8-0D3BEFB6F78D}.Debug|x64.ActiveCfg = Debug|Any CPU
		{C21192F6-2510-45C4-8AA8-0D3BEFB6F78D}.Debug|x64.Build.0 = Debug|Any CPU
		{C21192F6-2510-45C4-8AA8-0D3BEFB6F78D}.Debug|x86.ActiveCfg = Debug|Any CPU
		{C21192F6-2510-45C4-8AA8-0D3BEFB6F78D}.Debug|x86.Build.0 = Debug|Any CPU
		{C21192F6-2510-45C4-8AA8-0D3BEFB6F78D}.Release|Any CPU.ActiveCfg = Release|Any CPU
		{C21192F6-2510-45C4-8AA8-0D3BEFB6F78D}.Release|Any CPU.Build.0 = Release|Any CPU
		{C21192F6-2510-45C4-8AA8-0D3BEFB6F78D}.Release|x64.ActiveCfg = Release|Any CPU
		{C21192F6-2510-45C4-8AA8-0D3BEFB6F78D}.Release|x64.Build.0 = Release|Any CPU
		{C21192F6-2510-45C4-8AA8-0D3BEFB6F78D}.Release|x86.ActiveCfg = Release|Any CPU
		{C21192F6-2510-45C4-8AA8-0D3BEFB6F78D}.Release|x86.Build.0 = Release|Any CPU
		{B1A7E242-F5BC-4C9E-95F7-0FE3C6516E96}.Debug|Any CPU.ActiveCfg = Debug|Any CPU
		{B1A7E242-F5BC-4C9E-95F7-0FE3C6516E96}.Debug|Any CPU.Build.0 = Debug|Any CPU
		{B1A7E242-F5BC-4C9E-95F7-0FE3C6516E96}.Debug|x64.ActiveCfg = Debug|Any CPU
		{B1A7E242-F5BC-4C9E-95F7-0FE3C6516E96}.Debug|x64.Build.0 = Debug|Any CPU
		{B1A7E242-F5BC-4C9E-95F7-0FE3C6516E96}.Debug|x86.ActiveCfg = Debug|Any CPU
		{B1A7E242-F5BC-4C9E-95F7-0FE3C6516E96}.Debug|x86.Build.0 = Debug|Any CPU
		{B1A7E242-F5BC-4C9E-95F7-0FE3C6516E96}.Release|Any CPU.ActiveCfg = Release|Any CPU
		{B1A7E242-F5BC-4C9E-95F7-0FE3C6516E96}.Release|Any CPU.Build.0 = Release|Any CPU
		{B1A7E242-F5BC-4C9E-95F7-0FE3C6516E96}.Release|x64.ActiveCfg = Release|Any CPU
		{B1A7E242-F5BC-4C9E-95F7-0FE3C6516E96}.Release|x64.Build.0 = Release|Any CPU
		{B1A7E242-F5BC-4C9E-95F7-0FE3C6516E96}.Release|x86.ActiveCfg = Release|Any CPU
		{B1A7E242-F5BC-4C9E-95F7-0FE3C6516E96}.Release|x86.Build.0 = Release|Any CPU
		{B8FB79AB-0604-463B-A94B-BBB1DC624B09}.Debug|Any CPU.ActiveCfg = Debug|Any CPU
		{B8FB79AB-0604-463B-A94B-BBB1DC624B09}.Debug|Any CPU.Build.0 = Debug|Any CPU
		{B8FB79AB-0604-463B-A94B-BBB1DC624B09}.Debug|x64.ActiveCfg = Debug|Any CPU
		{B8FB79AB-0604-463B-A94B-BBB1DC624B09}.Debug|x64.Build.0 = Debug|Any CPU
		{B8FB79AB-0604-463B-A94B-BBB1DC624B09}.Debug|x86.ActiveCfg = Debug|Any CPU
		{B8FB79AB-0604-463B-A94B-BBB1DC624B09}.Debug|x86.Build.0 = Debug|Any CPU
		{B8FB79AB-0604-463B-A94B-BBB1DC624B09}.Release|Any CPU.ActiveCfg = Release|Any CPU
		{B8FB79AB-0604-463B-A94B-BBB1DC624B09}.Release|Any CPU.Build.0 = Release|Any CPU
		{B8FB79AB-0604-463B-A94B-BBB1DC624B09}.Release|x64.ActiveCfg = Release|Any CPU
		{B8FB79AB-0604-463B-A94B-BBB1DC624B09}.Release|x64.Build.0 = Release|Any CPU
		{B8FB79AB-0604-463B-A94B-BBB1DC624B09}.Release|x86.ActiveCfg = Release|Any CPU
		{B8FB79AB-0604-463B-A94B-BBB1DC624B09}.Release|x86.Build.0 = Release|Any CPU
	EndGlobalSection
	GlobalSection(SolutionProperties) = preSolution
		HideSolutionNode = FALSE
	EndGlobalSection
	GlobalSection(NestedProjects) = preSolution
		{CDB82893-2494-44C6-8230-FA991F5DCB28} = {77840799-C221-4CBB-A44B-B9FA6B2F960D}
		{975C3A26-8BDE-4AB6-9F49-DF4B00790904} = {4728F96B-F2CC-4D46-9833-933220F7D644}
		{0D9A8162-A2D7-4B56-A697-E87D541E61E3} = {4728F96B-F2CC-4D46-9833-933220F7D644}
		{02E27144-C217-4681-ABB7-5484DE5F28E3} = {77840799-C221-4CBB-A44B-B9FA6B2F960D}
		{8EA7DB47-6784-4C68-9056-3AC6F08A17BF} = {3DFFAA98-38EA-44A1-86ED-8E2E7C4CFDE9}
		{AAF0FC57-1018-4A1D-896C-5B45DA1380A1} = {3DFFAA98-38EA-44A1-86ED-8E2E7C4CFDE9}
		{145DB806-DBDB-4BCD-8606-92B56FFF8ADF} = {2FFBD9ED-5082-4E38-A446-C2C53426D2DD}
		{C21192F6-2510-45C4-8AA8-0D3BEFB6F78D} = {2FFBD9ED-5082-4E38-A446-C2C53426D2DD}
		{B1A7E242-F5BC-4C9E-95F7-0FE3C6516E96} = {77840799-C221-4CBB-A44B-B9FA6B2F960D}
		{B8FB79AB-0604-463B-A94B-BBB1DC624B09} = {77840799-C221-4CBB-A44B-B9FA6B2F960D}
	EndGlobalSection
	GlobalSection(ExtensibilityGlobals) = postSolution
		SolutionGuid = {B51BA43C-8AFA-4C94-B2DA-8F345C18BC61}
	EndGlobalSection
EndGlobal
